
Microsoft Visual Studio Solution File, Format Version 12.00
# Visual Studio 15
Project("{FAE04EC0-301F-11D3-BF4B-00C04F79EFBC}") = "Assembly-CSharp", "Assembly-CSharp.csproj", "{C87E693A-A12A-F1CC-7C53-CC219F72A23F}"
EndProject
Project("{FAE04EC0-301F-11D3-BF4B-00C04F79EFBC}") = "Assembly-CSharp-firstpass", "Assembly-CSharp-firstpass.csproj", "{322A22F7-0DB1-BBB0-8CE9-8E0FB91B7BAA}"
EndProject
Project("{FAE04EC0-301F-11D3-BF4B-00C04F79EFBC}") = "Assembly-CSharp-Editor", "Assembly-CSharp-Editor.csproj", "{BD0DBAD8-ED48-B011-0CF0-74F6451DAB42}"
EndProject
Global
	GlobalSection(SolutionConfigurationPlatforms) = preSolution
		Debug|Any CPU = Debug|Any CPU
		Release|Any CPU = Release|Any CPU
	EndGlobalSection
	GlobalSection(ProjectConfigurationPlatforms) = postSolution
		{C87E693A-A12A-F1CC-7C53-CC219F72A23F}.Debug|Any CPU.ActiveCfg = Debug|Any CPU
		{C87E693A-A12A-F1CC-7C53-CC219F72A23F}.Debug|Any CPU.Build.0 = Debug|Any CPU
		{C87E693A-A12A-F1CC-7C53-CC219F72A23F}.Release|Any CPU.ActiveCfg = Release|Any CPU
		{C87E693A-A12A-F1CC-7C53-CC219F72A23F}.Release|Any CPU.Build.0 = Release|Any CPU
		{322A22F7-0DB1-BBB0-8CE9-8E0FB91B7BAA}.Debug|Any CPU.ActiveCfg = Debug|Any CPU
		{322A22F7-0DB1-BBB0-8CE9-8E0FB91B7BAA}.Debug|Any CPU.Build.0 = Debug|Any CPU
		{322A22F7-0DB1-BBB0-8CE9-8E0FB91B7BAA}.Release|Any CPU.ActiveCfg = Release|Any CPU
		{322A22F7-0DB1-BBB0-8CE9-8E0FB91B7BAA}.Release|Any CPU.Build.0 = Release|Any CPU
		{BD0DBAD8-ED48-B011-0CF0-74F6451DAB42}.Debug|Any CPU.ActiveCfg = Debug|Any CPU
		{BD0DBAD8-ED48-B011-0CF0-74F6451DAB42}.Debug|Any CPU.Build.0 = Debug|Any CPU
		{BD0DBAD8-ED48-B011-0CF0-74F6451DAB42}.Release|Any CPU.ActiveCfg = Release|Any CPU
		{BD0DBAD8-ED48-B011-0CF0-74F6451DAB42}.Release|Any CPU.Build.0 = Release|Any CPU
	EndGlobalSection
	GlobalSection(SolutionProperties) = preSolution
		HideSolutionNode = FALSE
	EndGlobalSection
EndGlobal
